dependencies:
- name: rabbitmq
  repository: https://charts.bitnami.com/bitnami
  version: 12.10.0
- name: mariadb
  repository: https://charts.bitnami.com/bitnami
  version: 16.0.2
- name: memcached
  repository: https://charts.bitnami.com/bitnami
  version: 7.4.11
digest: sha256:964e4b29351d7de7a7ede625af17e8e3425ecea8861ecf74eaf54ce8ed2aedcc
generated: "2025-10-07T14:01:50.4159686-06:00"
