dependencies:
- name: redis
  repository: https://charts.bitnami.com/bitnami
  version: 19.6.4
- name: memcached
  repository: https://charts.bitnami.com/bitnami
  version: 7.4.11
- name: postgresql
  repository: https://charts.bitnami.com/bitnami
  version: 15.5.21
- name: chromadb
  repository: https://amikos-tech.github.io/chromadb-chart/
  version: 0.1.24
- name: mariadb
  repository: https://charts.bitnami.com/bitnami
  version: 18.2.1
digest: sha256:544fec1ec7d007e104a6052c498f02877d4fe43035b3d5bddd3b39592f4effda
generated: "2025-09-05T01:15:44.9907392-06:00"
