dependencies:
- name: mongodb
  repository: https://charts.bitnami.com/bitnami
  version: 13.6.7
- name: opensearch
  repository: https://opensearch-project.github.io/helm-charts/
  version: 2.26.1
- name: opensearch-dashboards
  repository: https://opensearch-project.github.io/helm-charts/
  version: 2.15.1
- name: mariadb
  repository: https://charts.bitnami.com/bitnami
  version: 16.0.2
digest: sha256:f29b16221937711a5e59d8d341860328f26e73893d744e1957ea57334688b80e
generated: "2025-11-22T08:59:57.6980646-06:00"
