dependencies:
- name: rabbitmq
  repository: https://charts.bitnami.com/bitnami
  version: 12.10.0
- name: mariadb
  repository: https://charts.bitnami.com/bitnami
  version: 16.0.2
- name: postgresql
  repository: https://charts.bitnami.com/bitnami
  version: 16.7.24
digest: sha256:9c4d5af53f7cce9c4fab40459d08a5cd2ee02f0feb78aa1a147fb51c42588cf4
generated: "2025-08-26T19:14:21.6491007-06:00"
