dependencies:
- name: grafana-operator
  repository: https://charts.bitnami.com/bitnami
  version: 2.7.12
- name: kube-prometheus
  repository: https://charts.bitnami.com/bitnami
  version: 8.3.1
- name: kube-prometheus-stack
  repository: https://prometheus-community.github.io/helm-charts
  version: 68.4.0
digest: sha256:557955df2604a29849da3fc964db7da91183b2e7dce54226912dd8106eb20ce3
generated: "2025-09-16T13:54:36.1201306-06:00"
